
Microsoft Visual Studio Solution File, Format Version 12.00
# Visual Studio 14
VisualStudioVersion = 14.0.25420.1
MinimumVisualStudioVersion = 10.0.40219.1
Project("{FAE04EC0-301F-11D3-BF4B-00C04F79EFBC}") = "DataClasses", "DataClasses\DataClasses.csproj", "{09BD8D9D-372A-4B60-A542-CE3A983CAA6C}"
EndProject
Project("{FAE04EC0-301F-11D3-BF4B-00C04F79EFBC}") = "BusinessLayer", "Services\BusinessLayer.csproj", "{161F09D0-BDCD-4DC2-98E9-2E41788B9939}"
EndProject
Project("{FAE04EC0-301F-11D3-BF4B-00C04F79EFBC}") = "Generic_Repository", "MVC_Repository\Generic_Repository.csproj", "{ED1BDF22-DC1F-4998-A209-18D08133E2BE}"
EndProject
Project("{FAE04EC0-301F-11D3-BF4B-00C04F79EFBC}") = "UI_MVC_AngularJs", "UI_MVC_AngularJs\UI_MVC_AngularJs.csproj", "{F140C88F-6FE9-4913-AEF2-219460891D3F}"
EndProject
Global
	GlobalSection(SolutionConfigurationPlatforms) = preSolution
		Debug|Any CPU = Debug|Any CPU
		Release|Any CPU = Release|Any CPU
	EndGlobalSection
	GlobalSection(ProjectConfigurationPlatforms) = postSolution
		{09BD8D9D-372A-4B60-A542-CE3A983CAA6C}.Debug|Any CPU.ActiveCfg = Debug|Any CPU
		{09BD8D9D-372A-4B60-A542-CE3A983CAA6C}.Debug|Any CPU.Build.0 = Debug|Any CPU
		{09BD8D9D-372A-4B60-A542-CE3A983CAA6C}.Release|Any CPU.ActiveCfg = Release|Any CPU
		{09BD8D9D-372A-4B60-A542-CE3A983CAA6C}.Release|Any CPU.Build.0 = Release|Any CPU
		{161F09D0-BDCD-4DC2-98E9-2E41788B9939}.Debug|Any CPU.ActiveCfg = Debug|Any CPU
		{161F09D0-BDCD-4DC2-98E9-2E41788B9939}.Debug|Any CPU.Build.0 = Debug|Any CPU
		{161F09D0-BDCD-4DC2-98E9-2E41788B9939}.Release|Any CPU.ActiveCfg = Release|Any CPU
		{161F09D0-BDCD-4DC2-98E9-2E41788B9939}.Release|Any CPU.Build.0 = Release|Any CPU
		{ED1BDF22-DC1F-4998-A209-18D08133E2BE}.Debug|Any CPU.ActiveCfg = Debug|Any CPU
		{ED1BDF22-DC1F-4998-A209-18D08133E2BE}.Debug|Any CPU.Build.0 = Debug|Any CPU
		{ED1BDF22-DC1F-4998-A209-18D08133E2BE}.Release|Any CPU.ActiveCfg = Release|Any CPU
		{ED1BDF22-DC1F-4998-A209-18D08133E2BE}.Release|Any CPU.Build.0 = Release|Any CPU
		{F140C88F-6FE9-4913-AEF2-219460891D3F}.Debug|Any CPU.ActiveCfg = Debug|Any CPU
		{F140C88F-6FE9-4913-AEF2-219460891D3F}.Debug|Any CPU.Build.0 = Debug|Any CPU
		{F140C88F-6FE9-4913-AEF2-219460891D3F}.Release|Any CPU.ActiveCfg = Release|Any CPU
		{F140C88F-6FE9-4913-AEF2-219460891D3F}.Release|Any CPU.Build.0 = Release|Any CPU
	EndGlobalSection
	GlobalSection(SolutionProperties) = preSolution
		HideSolutionNode = FALSE
	EndGlobalSection
EndGlobal
